{
  "version": 4,
  "terraform_version": "0.12.20",
  "serial": 3,
  "lineage": "1d3b448c-46ca-2aa3-c4b4-fb023fa3aa53",
  "outputs": {},
  "resources": [
    {
      "mode": "managed",
      "type": "google_compute_instance",
      "name": "vm_instance",
      "provider": "provider.google",
      "instances": [
        {
          "schema_version": 6,
          "attributes": {
            "allow_stopping_for_update": null,
            "attached_disk": [],
            "boot_disk": [
              {
                "auto_delete": true,
                "device_name": "persistent-disk-0",
                "disk_encryption_key_raw": "",
                "disk_encryption_key_sha256": "",
                "initialize_params": [
                  {
                    "image": "https://www.googleapis.com/compute/v1/projects/ubuntu-os-cloud/global/images/ubuntu-1910-eoan-v20200129",
                    "labels": {},
                    "size": 10,
                    "type": "pd-standard"
                  }
                ],
                "kms_key_self_link": "",
                "mode": "READ_WRITE",
                "source": "https://www.googleapis.com/compute/v1/projects/playground-s-11-91d07a/zones/us-central1-a/disks/terraform-instance"
              }
            ],
            "can_ip_forward": false,
            "cpu_platform": "Intel Haswell",
            "deletion_protection": false,
            "description": "",
            "enable_display": false,
            "guest_accelerator": [],
            "hostname": "",
            "id": "projects/playground-s-11-91d07a/zones/us-central1-a/instances/terraform-instance",
            "instance_id": "4619448916279807811",
            "label_fingerprint": "42WmSpB8rSM=",
            "labels": null,
            "machine_type": "n1-standard-1",
            "metadata": {
              "sshKeys": "ubuntu:ssh-rsa AAAAB3NzaC1yc2EAAAADAQABAAABAQC5XXh7FOoipmVb9zSw0vx0RgzodGz5UBQ+kOmATnncPaBxmV689QtsNhDr4yERHdr4fs/f/pbwr+dET0MHg9063Zm7L4xLxB3ZxxnjODZPr3EuoLgWVg7ukyWD6Iaedch5f2U2UoZwlcHI2K+3IIrrMSUF91zLiCQKrptxWuISj5e1KXK4UI4cb9uiTUl84jgBSHlrQpK4YiQDYJpP0MJHjSsDBiMJuamQ9a8f7PpZySxtUhd2IKCVQSQlxarZo2WRfIJY/0OdQjOyhOAykjyb00p9QbaQTFEFm10Zc30ScrisHcGMoqUGgiQfObBb2AJnkDpQyUM5kYYBUqdG5aq7 cloud_user@mehrotsh3c.mylabserver.com\n"
            },
            "metadata_fingerprint": "-e8etv-PgwQ=",
            "metadata_startup_script": "",
            "min_cpu_platform": "",
            "name": "terraform-instance",
            "network_interface": [
              {
                "access_config": [
                  {
                    "nat_ip": "104.197.122.28",
                    "network_tier": "PREMIUM",
                    "public_ptr_domain_name": ""
                  }
                ],
                "alias_ip_range": [],
                "name": "nic0",
                "network": "https://www.googleapis.com/compute/v1/projects/playground-s-11-91d07a/global/networks/default",
                "network_ip": "10.128.0.2",
                "subnetwork": "https://www.googleapis.com/compute/v1/projects/playground-s-11-91d07a/regions/us-central1/subnetworks/default",
                "subnetwork_project": "playground-s-11-91d07a"
              }
            ],
            "project": "playground-s-11-91d07a",
            "scheduling": [
              {
                "automatic_restart": true,
                "node_affinities": [],
                "on_host_maintenance": "MIGRATE",
                "preemptible": false
              }
            ],
            "scratch_disk": [],
            "self_link": "https://www.googleapis.com/compute/v1/projects/playground-s-11-91d07a/zones/us-central1-a/instances/terraform-instance",
            "service_account": [],
            "shielded_instance_config": [],
            "tags": null,
            "tags_fingerprint": "42WmSpB8rSM=",
            "timeouts": null,
            "zone": "us-central1-a"
          },
          "private": "eyJlMmJmYjczMC1lY2FhLTExZTYtOGY4OC0zNDM2M2JjN2M0YzAiOnsiY3JlYXRlIjoxMjAwMDAwMDAwMDAwLCJkZWxldGUiOjEyMDAwMDAwMDAwMDAsInVwZGF0ZSI6MTIwMDAwMDAwMDAwMH0sInNjaGVtYV92ZXJzaW9uIjoiNiJ9"
        }
      ]
    }
  ]
}
